// !$*UTF8*$!
{
	archiveVersion = 1;
	classes = {
	};
	objectVersion = 46;
	objects = {

/* Begin PBXBuildFile section */
		0914218E1EAFBCC100718758 /* SBSwiftUtils.framework in Frameworks */ = {isa = PBXBuildFile; fileRef = 091421841EAFBCC100718758 /* SBSwiftUtils.framework */; };
		091421931EAFBCC100718758 /* String+ExtensionsTests.swift in Sources */ = {isa = PBXBuildFile; fileRef = 091421921EAFBCC100718758 /* String+ExtensionsTests.swift */; };
		091421951EAFBCC100718758 /* SBSwiftUtils.h in Headers */ = {isa = PBXBuildFile; fileRef = 091421871EAFBCC100718758 /* SBSwiftUtils.h */; settings = {ATTRIBUTES = (Public, ); }; };
		091421A01EAFBD1500718758 /* String+Extensions.swift in Sources */ = {isa = PBXBuildFile; fileRef = 0914219F1EAFBD1500718758 /* String+Extensions.swift */; };
		6724C50E203091BB00EFC2A7 /* Array+Sorting.swift in Sources */ = {isa = PBXBuildFile; fileRef = 6724C50D203091BB00EFC2A7 /* Array+Sorting.swift */; };
		6724C5112030920C00EFC2A7 /* Array+SortingTests.swift in Sources */ = {isa = PBXBuildFile; fileRef = 6724C5102030920C00EFC2A7 /* Array+SortingTests.swift */; };
		67993B971F1A2A5200F1CF95 /* VectorTypes.swift in Sources */ = {isa = PBXBuildFile; fileRef = 67993B961F1A2A5200F1CF95 /* VectorTypes.swift */; };
		67993B991F1A2C0F00F1CF95 /* VectorTypesTests.swift in Sources */ = {isa = PBXBuildFile; fileRef = 67993B981F1A2C0F00F1CF95 /* VectorTypesTests.swift */; };
		67CA303A2039F696005DD6FC /* WeakArray.swift in Sources */ = {isa = PBXBuildFile; fileRef = 67CA30392039F696005DD6FC /* WeakArray.swift */; };
		67CA303C2039F8E2005DD6FC /* WeakArrayTests.swift in Sources */ = {isa = PBXBuildFile; fileRef = 67CA303B2039F8E2005DD6FC /* WeakArrayTests.swift */; };
		67CA303E2039FB23005DD6FC /* Collection+Accessors.swift in Sources */ = {isa = PBXBuildFile; fileRef = 67CA303D2039FB23005DD6FC /* Collection+Accessors.swift */; };
		67CA30402039FB72005DD6FC /* Collection+AccessorsTests.swift in Sources */ = {isa = PBXBuildFile; fileRef = 67CA303F2039FB72005DD6FC /* Collection+AccessorsTests.swift */; };
		67CE44012030976600D03E29 /* Array+Accessors.swift in Sources */ = {isa = PBXBuildFile; fileRef = 67CE44002030976600D03E29 /* Array+Accessors.swift */; };
		67CE4405203097CA00D03E29 /* Array+AccessorsTests.swift in Sources */ = {isa = PBXBuildFile; fileRef = 67CE4404203097CA00D03E29 /* Array+AccessorsTests.swift */; };
		67CE4407203098DA00D03E29 /* Array+SortBySteps.swift in Sources */ = {isa = PBXBuildFile; fileRef = 67CE4406203098DA00D03E29 /* Array+SortBySteps.swift */; };
		67CE44092030999900D03E29 /* Array+SortByStepsTests.swift in Sources */ = {isa = PBXBuildFile; fileRef = 67CE44082030999900D03E29 /* Array+SortByStepsTests.swift */; };
		67CE440C2030A2F900D03E29 /* Array+Chunking.swift in Sources */ = {isa = PBXBuildFile; fileRef = 67CE440B2030A2F900D03E29 /* Array+Chunking.swift */; };
		67CE44102030A3A700D03E29 /* BidirectionalCollection+Extensions.swift in Sources */ = {isa = PBXBuildFile; fileRef = 67CE440F2030A3A700D03E29 /* BidirectionalCollection+Extensions.swift */; };
		67CE44122030A42700D03E29 /* Array+ChunkingTests.swift in Sources */ = {isa = PBXBuildFile; fileRef = 67CE44112030A42700D03E29 /* Array+ChunkingTests.swift */; };
		67CE44142030AB5500D03E29 /* Array+Insertion.swift in Sources */ = {isa = PBXBuildFile; fileRef = 67CE44132030AB5500D03E29 /* Array+Insertion.swift */; };
		67CE44162030ABBE00D03E29 /* Array+InsertionTests.swift in Sources */ = {isa = PBXBuildFile; fileRef = 67CE44152030ABBE00D03E29 /* Array+InsertionTests.swift */; };
		67CE44182033863A00D03E29 /* Array+Filtering.swift in Sources */ = {isa = PBXBuildFile; fileRef = 67CE44172033863A00D03E29 /* Array+Filtering.swift */; };
		67CE441A2033867500D03E29 /* Array+Filtering.swift in Sources */ = {isa = PBXBuildFile; fileRef = 67CE44192033867500D03E29 /* Array+Filtering.swift */; };
		67CE441C2033878D00D03E29 /* Array+Optional.swift in Sources */ = {isa = PBXBuildFile; fileRef = 67CE441B2033878D00D03E29 /* Array+Optional.swift */; };
		67CE441E203387C500D03E29 /* Array+OptionalTests.swift in Sources */ = {isa = PBXBuildFile; fileRef = 67CE441D203387C500D03E29 /* Array+OptionalTests.swift */; };
		67CE44202033882000D03E29 /* Array+Counting.swift in Sources */ = {isa = PBXBuildFile; fileRef = 67CE441F2033882000D03E29 /* Array+Counting.swift */; };
		67CE44222033884000D03E29 /* Array+CountingTests.swift in Sources */ = {isa = PBXBuildFile; fileRef = 67CE44212033884000D03E29 /* Array+CountingTests.swift */; };
		67CE442420338D0E00D03E29 /* Array+Matching.swift in Sources */ = {isa = PBXBuildFile; fileRef = 67CE442320338D0E00D03E29 /* Array+Matching.swift */; };
		67CE442620338D5700D03E29 /* Array+MatchingTests.swift in Sources */ = {isa = PBXBuildFile; fileRef = 67CE442520338D5700D03E29 /* Array+MatchingTests.swift */; };
		67CE442920338FBA00D03E29 /* Collection+Extensions.swift in Sources */ = {isa = PBXBuildFile; fileRef = 67CE442820338FBA00D03E29 /* Collection+Extensions.swift */; };
		67CE442C2033901500D03E29 /* Collection+ExtensionsTests.swift in Sources */ = {isa = PBXBuildFile; fileRef = 67CE442B2033901500D03E29 /* Collection+ExtensionsTests.swift */; };
		67CE442F203390FD00D03E29 /* Optional+Extensions.swift in Sources */ = {isa = PBXBuildFile; fileRef = 67CE442E203390FD00D03E29 /* Optional+Extensions.swift */; };
		67CE44312033914D00D03E29 /* Optional+Bool.swift in Sources */ = {isa = PBXBuildFile; fileRef = 67CE44302033914D00D03E29 /* Optional+Bool.swift */; };
		67CE44362033918C00D03E29 /* Optional+BoolTests.swift in Sources */ = {isa = PBXBuildFile; fileRef = 67CE44352033918C00D03E29 /* Optional+BoolTests.swift */; };
		67CE44392033929200D03E29 /* FreeFunctions.swift in Sources */ = {isa = PBXBuildFile; fileRef = 67CE44382033929200D03E29 /* FreeFunctions.swift */; };
		67CE443C203392FF00D03E29 /* FreeFunctionsTests.swift in Sources */ = {isa = PBXBuildFile; fileRef = 67CE443B203392FF00D03E29 /* FreeFunctionsTests.swift */; };
		67CE443F2033941000D03E29 /* Numeric+Constrained.swift in Sources */ = {isa = PBXBuildFile; fileRef = 67CE443E2033941000D03E29 /* Numeric+Constrained.swift */; };
		67CE44422033945B00D03E29 /* Numeric+ConstrainedTests.swift in Sources */ = {isa = PBXBuildFile; fileRef = 67CE44412033945B00D03E29 /* Numeric+ConstrainedTests.swift */; };
		67CE44452033950B00D03E29 /* SignedNumeric+Extensions.swift in Sources */ = {isa = PBXBuildFile; fileRef = 67CE44442033950B00D03E29 /* SignedNumeric+Extensions.swift */; };
		67CE44482033954000D03E29 /* SignedNumeric+ExtensionsTests.swift in Sources */ = {isa = PBXBuildFile; fileRef = 67CE44472033954000D03E29 /* SignedNumeric+ExtensionsTests.swift */; };
/* End PBXBuildFile section */

/* Begin PBXContainerItemProxy section */
		0914218F1EAFBCC100718758 /* PBXContainerItemProxy */ = {
			isa = PBXContainerItemProxy;
			containerPortal = 0914217B1EAFBCC100718758 /* Project object */;
			proxyType = 1;
			remoteGlobalIDString = 091421831EAFBCC100718758;
			remoteInfo = SBSwiftUtils;
		};
/* End PBXContainerItemProxy section */

/* Begin PBXFileReference section */
		091421841EAFBCC100718758 /* SBSwiftUtils.framework */ = {isa = PBXFileReference; explicitFileType = wrapper.framework; includeInIndex = 0; path = SBSwiftUtils.framework; sourceTree = BUILT_PRODUCTS_DIR; };
		091421871EAFBCC100718758 /* SBSwiftUtils.h */ = {isa = PBXFileReference; lastKnownFileType = sourcecode.c.h; path = SBSwiftUtils.h; sourceTree = "<group>"; };
		091421881EAFBCC100718758 /* Info.plist */ = {isa = PBXFileReference; lastKnownFileType = text.plist.xml; path = Info.plist; sourceTree = "<group>"; };
		0914218D1EAFBCC100718758 /* SBSwiftUtilsTests.xctest */ = {isa = PBXFileReference; explicitFileType = wrapper.cfbundle; includeInIndex = 0; path = SBSwiftUtilsTests.xctest; sourceTree = BUILT_PRODUCTS_DIR; };
		091421921EAFBCC100718758 /* String+ExtensionsTests.swift */ = {isa = PBXFileReference; lastKnownFileType = sourcecode.swift; path = "String+ExtensionsTests.swift"; sourceTree = "<group>"; };
		091421941EAFBCC100718758 /* Info.plist */ = {isa = PBXFileReference; lastKnownFileType = text.plist.xml; path = Info.plist; sourceTree = "<group>"; };
		0914219F1EAFBD1500718758 /* String+Extensions.swift */ = {isa = PBXFileReference; fileEncoding = 4; lastKnownFileType = sourcecode.swift; path = "String+Extensions.swift"; sourceTree = "<group>"; };
		6724C50D203091BB00EFC2A7 /* Array+Sorting.swift */ = {isa = PBXFileReference; lastKnownFileType = sourcecode.swift; path = "Array+Sorting.swift"; sourceTree = "<group>"; };
		6724C5102030920C00EFC2A7 /* Array+SortingTests.swift */ = {isa = PBXFileReference; lastKnownFileType = sourcecode.swift; path = "Array+SortingTests.swift"; sourceTree = "<group>"; };
		67993B961F1A2A5200F1CF95 /* VectorTypes.swift */ = {isa = PBXFileReference; fileEncoding = 4; lastKnownFileType = sourcecode.swift; path = VectorTypes.swift; sourceTree = "<group>"; };
		67993B981F1A2C0F00F1CF95 /* VectorTypesTests.swift */ = {isa = PBXFileReference; fileEncoding = 4; lastKnownFileType = sourcecode.swift; path = VectorTypesTests.swift; sourceTree = "<group>"; };
		67CA30392039F696005DD6FC /* WeakArray.swift */ = {isa = PBXFileReference; lastKnownFileType = sourcecode.swift; path = WeakArray.swift; sourceTree = "<group>"; };
		67CA303B2039F8E2005DD6FC /* WeakArrayTests.swift */ = {isa = PBXFileReference; lastKnownFileType = sourcecode.swift; path = WeakArrayTests.swift; sourceTree = "<group>"; };
		67CA303D2039FB23005DD6FC /* Collection+Accessors.swift */ = {isa = PBXFileReference; lastKnownFileType = sourcecode.swift; path = "Collection+Accessors.swift"; sourceTree = "<group>"; };
		67CA303F2039FB72005DD6FC /* Collection+AccessorsTests.swift */ = {isa = PBXFileReference; lastKnownFileType = sourcecode.swift; path = "Collection+AccessorsTests.swift"; sourceTree = "<group>"; };
		67CE44002030976600D03E29 /* Array+Accessors.swift */ = {isa = PBXFileReference; lastKnownFileType = sourcecode.swift; path = "Array+Accessors.swift"; sourceTree = "<group>"; };
		67CE4404203097CA00D03E29 /* Array+AccessorsTests.swift */ = {isa = PBXFileReference; lastKnownFileType = sourcecode.swift; path = "Array+AccessorsTests.swift"; sourceTree = "<group>"; };
		67CE4406203098DA00D03E29 /* Array+SortBySteps.swift */ = {isa = PBXFileReference; lastKnownFileType = sourcecode.swift; path = "Array+SortBySteps.swift"; sourceTree = "<group>"; };
		67CE44082030999900D03E29 /* Array+SortByStepsTests.swift */ = {isa = PBXFileReference; lastKnownFileType = sourcecode.swift; path = "Array+SortByStepsTests.swift"; sourceTree = "<group>"; };
		67CE440B2030A2F900D03E29 /* Array+Chunking.swift */ = {isa = PBXFileReference; lastKnownFileType = sourcecode.swift; path = "Array+Chunking.swift"; sourceTree = "<group>"; };
		67CE440F2030A3A700D03E29 /* BidirectionalCollection+Extensions.swift */ = {isa = PBXFileReference; lastKnownFileType = sourcecode.swift; path = "BidirectionalCollection+Extensions.swift"; sourceTree = "<group>"; };
		67CE44112030A42700D03E29 /* Array+ChunkingTests.swift */ = {isa = PBXFileReference; lastKnownFileType = sourcecode.swift; path = "Array+ChunkingTests.swift"; sourceTree = "<group>"; };
		67CE44132030AB5500D03E29 /* Array+Insertion.swift */ = {isa = PBXFileReference; lastKnownFileType = sourcecode.swift; path = "Array+Insertion.swift"; sourceTree = "<group>"; };
		67CE44152030ABBE00D03E29 /* Array+InsertionTests.swift */ = {isa = PBXFileReference; lastKnownFileType = sourcecode.swift; path = "Array+InsertionTests.swift"; sourceTree = "<group>"; };
		67CE44172033863A00D03E29 /* Array+Filtering.swift */ = {isa = PBXFileReference; lastKnownFileType = sourcecode.swift; path = "Array+Filtering.swift"; sourceTree = "<group>"; };
		67CE44192033867500D03E29 /* Array+Filtering.swift */ = {isa = PBXFileReference; lastKnownFileType = sourcecode.swift; path = "Array+Filtering.swift"; sourceTree = "<group>"; };
		67CE441B2033878D00D03E29 /* Array+Optional.swift */ = {isa = PBXFileReference; lastKnownFileType = sourcecode.swift; path = "Array+Optional.swift"; sourceTree = "<group>"; };
		67CE441D203387C500D03E29 /* Array+OptionalTests.swift */ = {isa = PBXFileReference; lastKnownFileType = sourcecode.swift; path = "Array+OptionalTests.swift"; sourceTree = "<group>"; };
		67CE441F2033882000D03E29 /* Array+Counting.swift */ = {isa = PBXFileReference; lastKnownFileType = sourcecode.swift; path = "Array+Counting.swift"; sourceTree = "<group>"; };
		67CE44212033884000D03E29 /* Array+CountingTests.swift */ = {isa = PBXFileReference; lastKnownFileType = sourcecode.swift; path = "Array+CountingTests.swift"; sourceTree = "<group>"; };
		67CE442320338D0E00D03E29 /* Array+Matching.swift */ = {isa = PBXFileReference; lastKnownFileType = sourcecode.swift; path = "Array+Matching.swift"; sourceTree = "<group>"; };
		67CE442520338D5700D03E29 /* Array+MatchingTests.swift */ = {isa = PBXFileReference; lastKnownFileType = sourcecode.swift; path = "Array+MatchingTests.swift"; sourceTree = "<group>"; };
		67CE442820338FBA00D03E29 /* Collection+Extensions.swift */ = {isa = PBXFileReference; lastKnownFileType = sourcecode.swift; path = "Collection+Extensions.swift"; sourceTree = "<group>"; };
		67CE442B2033901500D03E29 /* Collection+ExtensionsTests.swift */ = {isa = PBXFileReference; lastKnownFileType = sourcecode.swift; path = "Collection+ExtensionsTests.swift"; sourceTree = "<group>"; };
		67CE442E203390FD00D03E29 /* Optional+Extensions.swift */ = {isa = PBXFileReference; lastKnownFileType = sourcecode.swift; path = "Optional+Extensions.swift"; sourceTree = "<group>"; };
		67CE44302033914D00D03E29 /* Optional+Bool.swift */ = {isa = PBXFileReference; lastKnownFileType = sourcecode.swift; path = "Optional+Bool.swift"; sourceTree = "<group>"; };
		67CE44352033918C00D03E29 /* Optional+BoolTests.swift */ = {isa = PBXFileReference; lastKnownFileType = sourcecode.swift; path = "Optional+BoolTests.swift"; sourceTree = "<group>"; };
		67CE44382033929200D03E29 /* FreeFunctions.swift */ = {isa = PBXFileReference; lastKnownFileType = sourcecode.swift; path = FreeFunctions.swift; sourceTree = "<group>"; };
		67CE443B203392FF00D03E29 /* FreeFunctionsTests.swift */ = {isa = PBXFileReference; lastKnownFileType = sourcecode.swift; path = FreeFunctionsTests.swift; sourceTree = "<group>"; };
		67CE443E2033941000D03E29 /* Numeric+Constrained.swift */ = {isa = PBXFileReference; lastKnownFileType = sourcecode.swift; path = "Numeric+Constrained.swift"; sourceTree = "<group>"; };
		67CE44412033945B00D03E29 /* Numeric+ConstrainedTests.swift */ = {isa = PBXFileReference; lastKnownFileType = sourcecode.swift; path = "Numeric+ConstrainedTests.swift"; sourceTree = "<group>"; };
		67CE44442033950B00D03E29 /* SignedNumeric+Extensions.swift */ = {isa = PBXFileReference; lastKnownFileType = sourcecode.swift; path = "SignedNumeric+Extensions.swift"; sourceTree = "<group>"; };
		67CE44472033954000D03E29 /* SignedNumeric+ExtensionsTests.swift */ = {isa = PBXFileReference; lastKnownFileType = sourcecode.swift; path = "SignedNumeric+ExtensionsTests.swift"; sourceTree = "<group>"; };
/* End PBXFileReference section */

/* Begin PBXFrameworksBuildPhase section */
		091421801EAFBCC100718758 /* Frameworks */ = {
			isa = PBXFrameworksBuildPhase;
			buildActionMask = 2147483647;
			files = (
			);
			runOnlyForDeploymentPostprocessing = 0;
		};
		0914218A1EAFBCC100718758 /* Frameworks */ = {
			isa = PBXFrameworksBuildPhase;
			buildActionMask = 2147483647;
			files = (
				0914218E1EAFBCC100718758 /* SBSwiftUtils.framework in Frameworks */,
			);
			runOnlyForDeploymentPostprocessing = 0;
		};
/* End PBXFrameworksBuildPhase section */

/* Begin PBXGroup section */
		0914217A1EAFBCC100718758 = {
			isa = PBXGroup;
			children = (
				091421861EAFBCC100718758 /* SBSwiftUtils */,
				091421911EAFBCC100718758 /* Tests */,
				091421851EAFBCC100718758 /* Products */,
			);
			sourceTree = "<group>";
		};
		091421851EAFBCC100718758 /* Products */ = {
			isa = PBXGroup;
			children = (
				091421841EAFBCC100718758 /* SBSwiftUtils.framework */,
				0914218D1EAFBCC100718758 /* SBSwiftUtilsTests.xctest */,
			);
			name = Products;
			sourceTree = "<group>";
		};
		091421861EAFBCC100718758 /* SBSwiftUtils */ = {
			isa = PBXGroup;
			children = (
				091421871EAFBCC100718758 /* SBSwiftUtils.h */,
				67CE44372033927F00D03E29 /* Free Functions */,
				6724C5052030667800EFC2A7 /* Extensions */,
				6724C5042030666500EFC2A7 /* Types */,
				091421881EAFBCC100718758 /* Info.plist */,
			);
			path = SBSwiftUtils;
			sourceTree = "<group>";
		};
		091421911EAFBCC100718758 /* Tests */ = {
			isa = PBXGroup;
			children = (
				67CE443A203392DA00D03E29 /* Free Functions */,
				6724C5082030906300EFC2A7 /* Extensions */,
				6724C5092030906F00EFC2A7 /* Types */,
				091421941EAFBCC100718758 /* Info.plist */,
			);
			path = Tests;
			sourceTree = "<group>";
		};
		6724C5042030666500EFC2A7 /* Types */ = {
			isa = PBXGroup;
			children = (
				67993B961F1A2A5200F1CF95 /* VectorTypes.swift */,
				67CA30392039F696005DD6FC /* WeakArray.swift */,
			);
			path = Types;
			sourceTree = "<group>";
		};
		6724C5052030667800EFC2A7 /* Extensions */ = {
			isa = PBXGroup;
			children = (
				6724C50C203091AB00EFC2A7 /* Array */,
				67CE440D2030A38500D03E29 /* BidirectionalCollection */,
				67CE442720338F9000D03E29 /* Collection */,
				67CE443D203393EB00D03E29 /* Numeric */,
				67CE442D203390D400D03E29 /* Optional */,
				67CE4443203394ED00D03E29 /* SignedNumeric */,
				6724C50A2030917600EFC2A7 /* String */,
			);
			path = Extensions;
			sourceTree = "<group>";
		};
		6724C5082030906300EFC2A7 /* Extensions */ = {
			isa = PBXGroup;
			children = (
				6724C50F203091F600EFC2A7 /* Array */,
				67CE442A20338FFD00D03E29 /* Collection */,
				67CE44402033943C00D03E29 /* Numeric */,
				67CE44322033916800D03E29 /* Optional */,
				67CE44462033952600D03E29 /* SignedNumeric */,
				6724C50B2030918100EFC2A7 /* String */,
			);
			path = Extensions;
			sourceTree = "<group>";
		};
		6724C5092030906F00EFC2A7 /* Types */ = {
			isa = PBXGroup;
			children = (
				67993B981F1A2C0F00F1CF95 /* VectorTypesTests.swift */,
				67CA303B2039F8E2005DD6FC /* WeakArrayTests.swift */,
			);
			path = Types;
			sourceTree = "<group>";
		};
		6724C50A2030917600EFC2A7 /* String */ = {
			isa = PBXGroup;
			children = (
				0914219F1EAFBD1500718758 /* String+Extensions.swift */,
			);
			path = String;
			sourceTree = "<group>";
		};
		6724C50B2030918100EFC2A7 /* String */ = {
			isa = PBXGroup;
			children = (
				091421921EAFBCC100718758 /* String+ExtensionsTests.swift */,
			);
			path = String;
			sourceTree = "<group>";
		};
		6724C50C203091AB00EFC2A7 /* Array */ = {
			isa = PBXGroup;
			children = (
				67CE44002030976600D03E29 /* Array+Accessors.swift */,
				67CE440B2030A2F900D03E29 /* Array+Chunking.swift */,
				67CE441F2033882000D03E29 /* Array+Counting.swift */,
				67CE44172033863A00D03E29 /* Array+Filtering.swift */,
				67CE44132030AB5500D03E29 /* Array+Insertion.swift */,
				67CE442320338D0E00D03E29 /* Array+Matching.swift */,
				67CE441B2033878D00D03E29 /* Array+Optional.swift */,
				67CE4406203098DA00D03E29 /* Array+SortBySteps.swift */,
				6724C50D203091BB00EFC2A7 /* Array+Sorting.swift */,
			);
			path = Array;
			sourceTree = "<group>";
		};
		6724C50F203091F600EFC2A7 /* Array */ = {
			isa = PBXGroup;
			children = (
				67CE4404203097CA00D03E29 /* Array+AccessorsTests.swift */,
				67CE44112030A42700D03E29 /* Array+ChunkingTests.swift */,
				67CE44212033884000D03E29 /* Array+CountingTests.swift */,
				67CE44192033867500D03E29 /* Array+Filtering.swift */,
				67CE44152030ABBE00D03E29 /* Array+InsertionTests.swift */,
				67CE442520338D5700D03E29 /* Array+MatchingTests.swift */,
				67CE441D203387C500D03E29 /* Array+OptionalTests.swift */,
				67CE44082030999900D03E29 /* Array+SortByStepsTests.swift */,
				6724C5102030920C00EFC2A7 /* Array+SortingTests.swift */,
			);
			path = Array;
			sourceTree = "<group>";
		};
		67CE440D2030A38500D03E29 /* BidirectionalCollection */ = {
			isa = PBXGroup;
			children = (
				67CE440F2030A3A700D03E29 /* BidirectionalCollection+Extensions.swift */,
			);
			path = BidirectionalCollection;
			sourceTree = "<group>";
		};
		67CE442720338F9000D03E29 /* Collection */ = {
			isa = PBXGroup;
			children = (
				67CA303D2039FB23005DD6FC /* Collection+Accessors.swift */,
				67CE442820338FBA00D03E29 /* Collection+Extensions.swift */,
			);
			path = Collection;
			sourceTree = "<group>";
		};
		67CE442A20338FFD00D03E29 /* Collection */ = {
			isa = PBXGroup;
			children = (
				67CA303F2039FB72005DD6FC /* Collection+AccessorsTests.swift */,
				67CE442B2033901500D03E29 /* Collection+ExtensionsTests.swift */,
			);
			path = Collection;
			sourceTree = "<group>";
		};
		67CE442D203390D400D03E29 /* Optional */ = {
			isa = PBXGroup;
			children = (
				67CE442E203390FD00D03E29 /* Optional+Extensions.swift */,
				67CE44302033914D00D03E29 /* Optional+Bool.swift */,
			);
			path = Optional;
			sourceTree = "<group>";
		};
		67CE44322033916800D03E29 /* Optional */ = {
			isa = PBXGroup;
			children = (
				67CE44352033918C00D03E29 /* Optional+BoolTests.swift */,
			);
			path = Optional;
			sourceTree = "<group>";
		};
		67CE44372033927F00D03E29 /* Free Functions */ = {
			isa = PBXGroup;
			children = (
				67CE44382033929200D03E29 /* FreeFunctions.swift */,
			);
			path = "Free Functions";
			sourceTree = "<group>";
		};
		67CE443A203392DA00D03E29 /* Free Functions */ = {
			isa = PBXGroup;
			children = (
				67CE443B203392FF00D03E29 /* FreeFunctionsTests.swift */,
			);
			path = "Free Functions";
			sourceTree = "<group>";
		};
		67CE443D203393EB00D03E29 /* Numeric */ = {
			isa = PBXGroup;
			children = (
				67CE443E2033941000D03E29 /* Numeric+Constrained.swift */,
			);
			path = Numeric;
			sourceTree = "<group>";
		};
		67CE44402033943C00D03E29 /* Numeric */ = {
			isa = PBXGroup;
			children = (
				67CE44412033945B00D03E29 /* Numeric+ConstrainedTests.swift */,
			);
			path = Numeric;
			sourceTree = "<group>";
		};
		67CE4443203394ED00D03E29 /* SignedNumeric */ = {
			isa = PBXGroup;
			children = (
				67CE44442033950B00D03E29 /* SignedNumeric+Extensions.swift */,
			);
			path = SignedNumeric;
			sourceTree = "<group>";
		};
		67CE44462033952600D03E29 /* SignedNumeric */ = {
			isa = PBXGroup;
			children = (
				67CE44472033954000D03E29 /* SignedNumeric+ExtensionsTests.swift */,
			);
			path = SignedNumeric;
			sourceTree = "<group>";
		};
/* End PBXGroup section */

/* Begin PBXHeadersBuildPhase section */
		091421811EAFBCC100718758 /* Headers */ = {
			isa = PBXHeadersBuildPhase;
			buildActionMask = 2147483647;
			files = (
				091421951EAFBCC100718758 /* SBSwiftUtils.h in Headers */,
			);
			runOnlyForDeploymentPostprocessing = 0;
		};
/* End PBXHeadersBuildPhase section */

/* Begin PBXNativeTarget section */
		091421831EAFBCC100718758 /* SBSwiftUtils */ = {
			isa = PBXNativeTarget;
			buildConfigurationList = 091421981EAFBCC100718758 /* Build configuration list for PBXNativeTarget "SBSwiftUtils" */;
			buildPhases = (
				0914217F1EAFBCC100718758 /* Sources */,
				6724C50720306FFF00EFC2A7 /* Swift Lint */,
				091421801EAFBCC100718758 /* Frameworks */,
				091421811EAFBCC100718758 /* Headers */,
				091421821EAFBCC100718758 /* Resources */,
			);
			buildRules = (
			);
			dependencies = (
			);
			name = SBSwiftUtils;
			productName = SBSwiftUtils;
			productReference = 091421841EAFBCC100718758 /* SBSwiftUtils.framework */;
			productType = "com.apple.product-type.framework";
		};
		0914218C1EAFBCC100718758 /* SBSwiftUtilsTests */ = {
			isa = PBXNativeTarget;
			buildConfigurationList = 0914219B1EAFBCC100718758 /* Build configuration list for PBXNativeTarget "SBSwiftUtilsTests" */;
			buildPhases = (
				091421891EAFBCC100718758 /* Sources */,
				6724C50620306A2700EFC2A7 /* Swift Lint */,
				0914218A1EAFBCC100718758 /* Frameworks */,
				0914218B1EAFBCC100718758 /* Resources */,
			);
			buildRules = (
			);
			dependencies = (
				091421901EAFBCC100718758 /* PBXTargetDependency */,
			);
			name = SBSwiftUtilsTests;
			productName = SBSwiftUtilsTests;
			productReference = 0914218D1EAFBCC100718758 /* SBSwiftUtilsTests.xctest */;
			productType = "com.apple.product-type.bundle.unit-test";
		};
/* End PBXNativeTarget section */

/* Begin PBXProject section */
		0914217B1EAFBCC100718758 /* Project object */ = {
			isa = PBXProject;
			attributes = {
				LastSwiftUpdateCheck = 0830;
				LastUpgradeCheck = 0930;
				ORGANIZATIONNAME = SteveBarnegren;
				TargetAttributes = {
					091421831EAFBCC100718758 = {
						CreatedOnToolsVersion = 8.3;
						DevelopmentTeam = X7HC96WDW9;
						LastSwiftMigration = 0920;
						ProvisioningStyle = Automatic;
					};
					0914218C1EAFBCC100718758 = {
						CreatedOnToolsVersion = 8.3;
						DevelopmentTeam = X7HC96WDW9;
						LastSwiftMigration = 0920;
						ProvisioningStyle = Automatic;
					};
				};
			};
			buildConfigurationList = 0914217E1EAFBCC100718758 /* Build configuration list for PBXProject "SBSwiftUtils" */;
			compatibilityVersion = "Xcode 3.2";
			developmentRegion = English;
			hasScannedForEncodings = 0;
			knownRegions = (
				en,
			);
			mainGroup = 0914217A1EAFBCC100718758;
			productRefGroup = 091421851EAFBCC100718758 /* Products */;
			projectDirPath = "";
			projectRoot = "";
			targets = (
				091421831EAFBCC100718758 /* SBSwiftUtils */,
				0914218C1EAFBCC100718758 /* SBSwiftUtilsTests */,
			);
		};
/* End PBXProject section */

/* Begin PBXResourcesBuildPhase section */
		091421821EAFBCC100718758 /* Resources */ = {
			isa = PBXResourcesBuildPhase;
			buildActionMask = 2147483647;
			files = (
			);
			runOnlyForDeploymentPostprocessing = 0;
		};
		0914218B1EAFBCC100718758 /* Resources */ = {
			isa = PBXResourcesBuildPhase;
			buildActionMask = 2147483647;
			files = (
			);
			runOnlyForDeploymentPostprocessing = 0;
		};
/* End PBXResourcesBuildPhase section */

/* Begin PBXShellScriptBuildPhase section */
		6724C50620306A2700EFC2A7 /* Swift Lint */ = {
			isa = PBXShellScriptBuildPhase;
			buildActionMask = 2147483647;
			files = (
			);
			inputPaths = (
			);
			name = "Swift Lint";
			outputPaths = (
			);
			runOnlyForDeploymentPostprocessing = 0;
			shellPath = /bin/sh;
			shellScript = "if which swiftlint >/dev/null; then\nswiftlint\nelse\necho \"warning: SwiftLint not installed, download from https://github.com/realm/SwiftLint\"\nfi";
		};
		6724C50720306FFF00EFC2A7 /* Swift Lint */ = {
			isa = PBXShellScriptBuildPhase;
			buildActionMask = 2147483647;
			files = (
			);
			inputPaths = (
			);
			name = "Swift Lint";
			outputPaths = (
			);
			runOnlyForDeploymentPostprocessing = 0;
			shellPath = /bin/sh;
			shellScript = "if which swiftlint >/dev/null; then\nswiftlint\nelse\necho \"warning: SwiftLint not installed, download from https://github.com/realm/SwiftLint\"\nfi";
		};
/* End PBXShellScriptBuildPhase section */

/* Begin PBXSourcesBuildPhase section */
		0914217F1EAFBCC100718758 /* Sources */ = {
			isa = PBXSourcesBuildPhase;
			buildActionMask = 2147483647;
			files = (
				67CE442420338D0E00D03E29 /* Array+Matching.swift in Sources */,
				67CE44312033914D00D03E29 /* Optional+Bool.swift in Sources */,
				67CA303A2039F696005DD6FC /* WeakArray.swift in Sources */,
				67CE44102030A3A700D03E29 /* BidirectionalCollection+Extensions.swift in Sources */,
				67CE44392033929200D03E29 /* FreeFunctions.swift in Sources */,
				67CE44012030976600D03E29 /* Array+Accessors.swift in Sources */,
				67993B971F1A2A5200F1CF95 /* VectorTypes.swift in Sources */,
				67CE440C2030A2F900D03E29 /* Array+Chunking.swift in Sources */,
				091421A01EAFBD1500718758 /* String+Extensions.swift in Sources */,
				67CE441C2033878D00D03E29 /* Array+Optional.swift in Sources */,
				67CE442920338FBA00D03E29 /* Collection+Extensions.swift in Sources */,
				67CE44142030AB5500D03E29 /* Array+Insertion.swift in Sources */,
				67CE442F203390FD00D03E29 /* Optional+Extensions.swift in Sources */,
				67CE44182033863A00D03E29 /* Array+Filtering.swift in Sources */,
				67CE4407203098DA00D03E29 /* Array+SortBySteps.swift in Sources */,
				67CE443F2033941000D03E29 /* Numeric+Constrained.swift in Sources */,
				67CE44452033950B00D03E29 /* SignedNumeric+Extensions.swift in Sources */,
				6724C50E203091BB00EFC2A7 /* Array+Sorting.swift in Sources */,
				67CA303E2039FB23005DD6FC /* Collection+Accessors.swift in Sources */,
				67CE44202033882000D03E29 /* Array+Counting.swift in Sources */,
			);
			runOnlyForDeploymentPostprocessing = 0;
		};
		091421891EAFBCC100718758 /* Sources */ = {
			isa = PBXSourcesBuildPhase;
			buildActionMask = 2147483647;
			files = (
				67CE44422033945B00D03E29 /* Numeric+ConstrainedTests.swift in Sources */,
				67CE44482033954000D03E29 /* SignedNumeric+ExtensionsTests.swift in Sources */,
				67CE4405203097CA00D03E29 /* Array+AccessorsTests.swift in Sources */,
				67CE442620338D5700D03E29 /* Array+MatchingTests.swift in Sources */,
				67CE441E203387C500D03E29 /* Array+OptionalTests.swift in Sources */,
				67CE44362033918C00D03E29 /* Optional+BoolTests.swift in Sources */,
				67CA303C2039F8E2005DD6FC /* WeakArrayTests.swift in Sources */,
				67993B991F1A2C0F00F1CF95 /* VectorTypesTests.swift in Sources */,
				67CE44122030A42700D03E29 /* Array+ChunkingTests.swift in Sources */,
				091421931EAFBCC100718758 /* String+ExtensionsTests.swift in Sources */,
				67CA30402039FB72005DD6FC /* Collection+AccessorsTests.swift in Sources */,
				67CE443C203392FF00D03E29 /* FreeFunctionsTests.swift in Sources */,
				6724C5112030920C00EFC2A7 /* Array+SortingTests.swift in Sources */,
				67CE44222033884000D03E29 /* Array+CountingTests.swift in Sources */,
				67CE44162030ABBE00D03E29 /* Array+InsertionTests.swift in Sources */,
				67CE441A2033867500D03E29 /* Array+Filtering.swift in Sources */,
				67CE442C2033901500D03E29 /* Collection+ExtensionsTests.swift in Sources */,
				67CE44092030999900D03E29 /* Array+SortByStepsTests.swift in Sources */,
			);
			runOnlyForDeploymentPostprocessing = 0;
		};
/* End PBXSourcesBuildPhase section */

/* Begin PBXTargetDependency section */
		091421901EAFBCC100718758 /* PBXTargetDependency */ = {
			isa = PBXTargetDependency;
			target = 091421831EAFBCC100718758 /* SBSwiftUtils */;
			targetProxy = 0914218F1EAFBCC100718758 /* PBXContainerItemProxy */;
		};
/* End PBXTargetDependency section */

/* Begin XCBuildConfiguration section */
		091421961EAFBCC100718758 /* Debug */ = {
			isa = XCBuildConfiguration;
			buildSettings = {
				ALWAYS_SEARCH_USER_PATHS = NO;
				CLANG_ANALYZER_NONNULL = YES;
				CLANG_ANALYZER_NUMBER_OBJECT_CONVERSION = YES_AGGRESSIVE;
				CLANG_CXX_LANGUAGE_STANDARD = "gnu++0x";
				CLANG_CXX_LIBRARY = "libc++";
				CLANG_ENABLE_MODULES = YES;
				CLANG_ENABLE_OBJC_ARC = YES;
				CLANG_WARN_BLOCK_CAPTURE_AUTORELEASING = YES;
				CLANG_WARN_BOOL_CONVERSION = YES;
				CLANG_WARN_COMMA = YES;
				CLANG_WARN_CONSTANT_CONVERSION = YES;
				CLANG_WARN_DEPRECATED_OBJC_IMPLEMENTATIONS = YES;
				CLANG_WARN_DIRECT_OBJC_ISA_USAGE = YES_ERROR;
				CLANG_WARN_DOCUMENTATION_COMMENTS = YES;
				CLANG_WARN_EMPTY_BODY = YES;
				CLANG_WARN_ENUM_CONVERSION = YES;
				CLANG_WARN_INFINITE_RECURSION = YES;
				CLANG_WARN_INT_CONVERSION = YES;
				CLANG_WARN_NON_LITERAL_NULL_CONVERSION = YES;
				CLANG_WARN_OBJC_IMPLICIT_RETAIN_SELF = YES;
				CLANG_WARN_OBJC_LITERAL_CONVERSION = YES;
				CLANG_WARN_OBJC_ROOT_CLASS = YES_ERROR;
				CLANG_WARN_RANGE_LOOP_ANALYSIS = YES;
				CLANG_WARN_STRICT_PROTOTYPES = YES;
				CLANG_WARN_SUSPICIOUS_MOVE = YES;
				CLANG_WARN_UNREACHABLE_CODE = YES;
				CLANG_WARN__DUPLICATE_METHOD_MATCH = YES;
				CODE_SIGN_IDENTITY = "-";
				COPY_PHASE_STRIP = NO;
				CURRENT_PROJECT_VERSION = 1;
				DEBUG_INFORMATION_FORMAT = dwarf;
				ENABLE_STRICT_OBJC_MSGSEND = YES;
				ENABLE_TESTABILITY = YES;
				GCC_C_LANGUAGE_STANDARD = gnu99;
				GCC_DYNAMIC_NO_PIC = NO;
				GCC_NO_COMMON_BLOCKS = YES;
				GCC_OPTIMIZATION_LEVEL = 0;
				GCC_PREPROCESSOR_DEFINITIONS = (
					"DEBUG=1",
					"$(inherited)",
				);
				GCC_WARN_64_TO_32_BIT_CONVERSION = YES;
				GCC_WARN_ABOUT_RETURN_TYPE = YES_ERROR;
				GCC_WARN_UNDECLARED_SELECTOR = YES;
				GCC_WARN_UNINITIALIZED_AUTOS = YES_AGGRESSIVE;
				GCC_WARN_UNUSED_FUNCTION = YES;
				GCC_WARN_UNUSED_VARIABLE = YES;
				MACOSX_DEPLOYMENT_TARGET = 10.12;
				MTL_ENABLE_DEBUG_INFO = YES;
				ONLY_ACTIVE_ARCH = YES;
				SDKROOT = macosx;
				SWIFT_ACTIVE_COMPILATION_CONDITIONS = DEBUG;
				SWIFT_OPTIMIZATION_LEVEL = "-Onone";
				SWIFT_VERSION = 4.0;
				VERSIONING_SYSTEM = "apple-generic";
				VERSION_INFO_PREFIX = "";
			};
			name = Debug;
		};
		091421971EAFBCC100718758 /* Release */ = {
			isa = XCBuildConfiguration;
			buildSettings = {
				ALWAYS_SEARCH_USER_PATHS = NO;
				CLANG_ANALYZER_NONNULL = YES;
				CLANG_ANALYZER_NUMBER_OBJECT_CONVERSION = YES_AGGRESSIVE;
				CLANG_CXX_LANGUAGE_STANDARD = "gnu++0x";
				CLANG_CXX_LIBRARY = "libc++";
				CLANG_ENABLE_MODULES = YES;
				CLANG_ENABLE_OBJC_ARC = YES;
				CLANG_WARN_BLOCK_CAPTURE_AUTORELEASING = YES;
				CLANG_WARN_BOOL_CONVERSION = YES;
				CLANG_WARN_COMMA = YES;
				CLANG_WARN_CONSTANT_CONVERSION = YES;
				CLANG_WARN_DEPRECATED_OBJC_IMPLEMENTATIONS = YES;
				CLANG_WARN_DIRECT_OBJC_ISA_USAGE = YES_ERROR;
				CLANG_WARN_DOCUMENTATION_COMMENTS = YES;
				CLANG_WARN_EMPTY_BODY = YES;
				CLANG_WARN_ENUM_CONVERSION = YES;
				CLANG_WARN_INFINITE_RECURSION = YES;
				CLANG_WARN_INT_CONVERSION = YES;
				CLANG_WARN_NON_LITERAL_NULL_CONVERSION = YES;
				CLANG_WARN_OBJC_IMPLICIT_RETAIN_SELF = YES;
				CLANG_WARN_OBJC_LITERAL_CONVERSION = YES;
				CLANG_WARN_OBJC_ROOT_CLASS = YES_ERROR;
				CLANG_WARN_RANGE_LOOP_ANALYSIS = YES;
				CLANG_WARN_STRICT_PROTOTYPES = YES;
				CLANG_WARN_SUSPICIOUS_MOVE = YES;
				CLANG_WARN_UNREACHABLE_CODE = YES;
				CLANG_WARN__DUPLICATE_METHOD_MATCH = YES;
				CODE_SIGN_IDENTITY = "-";
				COPY_PHASE_STRIP = NO;
				CURRENT_PROJECT_VERSION = 1;
				DEBUG_INFORMATION_FORMAT = "dwarf-with-dsym";
				ENABLE_NS_ASSERTIONS = NO;
				ENABLE_STRICT_OBJC_MSGSEND = YES;
				GCC_C_LANGUAGE_STANDARD = gnu99;
				GCC_NO_COMMON_BLOCKS = YES;
				GCC_WARN_64_TO_32_BIT_CONVERSION = YES;
				GCC_WARN_ABOUT_RETURN_TYPE = YES_ERROR;
				GCC_WARN_UNDECLARED_SELECTOR = YES;
				GCC_WARN_UNINITIALIZED_AUTOS = YES_AGGRESSIVE;
				GCC_WARN_UNUSED_FUNCTION = YES;
				GCC_WARN_UNUSED_VARIABLE = YES;
				MACOSX_DEPLOYMENT_TARGET = 10.12;
				MTL_ENABLE_DEBUG_INFO = NO;
				SDKROOT = macosx;
				SWIFT_OPTIMIZATION_LEVEL = "-Owholemodule";
				SWIFT_VERSION = 4.0;
				VERSIONING_SYSTEM = "apple-generic";
				VERSION_INFO_PREFIX = "";
			};
			name = Release;
		};
		091421991EAFBCC100718758 /* Debug */ = {
			isa = XCBuildConfiguration;
			buildSettings = {
				CLANG_ENABLE_MODULES = YES;
				CODE_SIGN_IDENTITY = "";
				COMBINE_HIDPI_IMAGES = YES;
				DEFINES_MODULE = YES;
				DEVELOPMENT_TEAM = X7HC96WDW9;
				DYLIB_COMPATIBILITY_VERSION = 1;
				DYLIB_CURRENT_VERSION = 1;
				DYLIB_INSTALL_NAME_BASE = "@rpath";
				FRAMEWORK_VERSION = A;
				INFOPLIST_FILE = SBSwiftUtils/Info.plist;
				INSTALL_PATH = "$(LOCAL_LIBRARY_DIR)/Frameworks";
				LD_RUNPATH_SEARCH_PATHS = "$(inherited) @executable_path/../Frameworks @loader_path/Frameworks";
				PRODUCT_BUNDLE_IDENTIFIER = com.stevebarnegren.SBSwiftUtils;
				PRODUCT_NAME = "$(TARGET_NAME)";
				SKIP_INSTALL = YES;
				SWIFT_OPTIMIZATION_LEVEL = "-Onone";
				SWIFT_SWIFT3_OBJC_INFERENCE = Default;
			};
			name = Debug;
		};
		0914219A1EAFBCC100718758 /* Release */ = {
			isa = XCBuildConfiguration;
			buildSettings = {
				CLANG_ENABLE_MODULES = YES;
				CODE_SIGN_IDENTITY = "";
				COMBINE_HIDPI_IMAGES = YES;
				DEFINES_MODULE = YES;
				DEVELOPMENT_TEAM = X7HC96WDW9;
				DYLIB_COMPATIBILITY_VERSION = 1;
				DYLIB_CURRENT_VERSION = 1;
				DYLIB_INSTALL_NAME_BASE = "@rpath";
				FRAMEWORK_VERSION = A;
				INFOPLIST_FILE = SBSwiftUtils/Info.plist;
				INSTALL_PATH = "$(LOCAL_LIBRARY_DIR)/Frameworks";
				LD_RUNPATH_SEARCH_PATHS = "$(inherited) @executable_path/../Frameworks @loader_path/Frameworks";
				PRODUCT_BUNDLE_IDENTIFIER = com.stevebarnegren.SBSwiftUtils;
				PRODUCT_NAME = "$(TARGET_NAME)";
				SKIP_INSTALL = YES;
				SWIFT_SWIFT3_OBJC_INFERENCE = Default;
			};
			name = Release;
		};
		0914219C1EAFBCC100718758 /* Debug */ = {
			isa = XCBuildConfiguration;
			buildSettings = {
				ALWAYS_EMBED_SWIFT_STANDARD_LIBRARIES = YES;
				COMBINE_HIDPI_IMAGES = YES;
				DEVELOPMENT_TEAM = X7HC96WDW9;
				INFOPLIST_FILE = Tests/Info.plist;
				LD_RUNPATH_SEARCH_PATHS = "$(inherited) @executable_path/../Frameworks @loader_path/../Frameworks";
				PRODUCT_BUNDLE_IDENTIFIER = com.stevebarnegren.SBSwiftUtilsTests;
				PRODUCT_NAME = "$(TARGET_NAME)";
				SWIFT_SWIFT3_OBJC_INFERENCE = Default;
			};
			name = Debug;
		};
		0914219D1EAFBCC100718758 /* Release */ = {
			isa = XCBuildConfiguration;
			buildSettings = {
				ALWAYS_EMBED_SWIFT_STANDARD_LIBRARIES = YES;
				COMBINE_HIDPI_IMAGES = YES;
				DEVELOPMENT_TEAM = X7HC96WDW9;
				INFOPLIST_FILE = Tests/Info.plist;
				LD_RUNPATH_SEARCH_PATHS = "$(inherited) @executable_path/../Frameworks @loader_path/../Frameworks";
				PRODUCT_BUNDLE_IDENTIFIER = com.stevebarnegren.SBSwiftUtilsTests;
				PRODUCT_NAME = "$(TARGET_NAME)";
				SWIFT_SWIFT3_OBJC_INFERENCE = Default;
			};
			name = Release;
		};
/* End XCBuildConfiguration section */

/* Begin XCConfigurationList section */
		0914217E1EAFBCC100718758 /* Build configuration list for PBXProject "SBSwiftUtils" */ = {
			isa = XCConfigurationList;
			buildConfigurations = (
				091421961EAFBCC100718758 /* Debug */,
				091421971EAFBCC100718758 /* Release */,
			);
			defaultConfigurationIsVisible = 0;
			defaultConfigurationName = Release;
		};
		091421981EAFBCC100718758 /* Build configuration list for PBXNativeTarget "SBSwiftUtils" */ = {
			isa = XCConfigurationList;
			buildConfigurations = (
				091421991EAFBCC100718758 /* Debug */,
				0914219A1EAFBCC100718758 /* Release */,
			);
			defaultConfigurationIsVisible = 0;
			defaultConfigurationName = Release;
		};
		0914219B1EAFBCC100718758 /* Build configuration list for PBXNativeTarget "SBSwiftUtilsTests" */ = {
			isa = XCConfigurationList;
			buildConfigurations = (
				0914219C1EAFBCC100718758 /* Debug */,
				0914219D1EAFBCC100718758 /* Release */,
			);
			defaultConfigurationIsVisible = 0;
			defaultConfigurationName = Release;
		};
/* End XCConfigurationList section */
	};
	rootObject = 0914217B1EAFBCC100718758 /* Project object */;
}
